{
  "name": "scripts",
  "lockfileVersion": 2,
  "requires": true,
  "packages": {
    "": {
      "dependencies": {
        "@types/frida-gum": "^18.4.1"
      }
    },
    "node_modules/@types/frida-gum": {
      "version": "18.4.1",
      "resolved": "https://registry.npmjs.org/@types/frida-gum/-/frida-gum-18.4.1.tgz",
      "integrity": "sha512-81WHL19NhJoNaDapWJ9WV2XQLAsN17CXKs5aVbvwGaz8vXoT0rzUHQbOBcbH0CuJxA33KOmD8AWnf7USxo9ZXw=="
    }
  },
  "dependencies": {
    "@types/frida-gum": {
      "version": "18.4.1",
      "resolved": "https://registry.npmjs.org/@types/frida-gum/-/frida-gum-18.4.1.tgz",
      "integrity": "sha512-81WHL19NhJoNaDapWJ9WV2XQLAsN17CXKs5aVbvwGaz8vXoT0rzUHQbOBcbH0CuJxA33KOmD8AWnf7USxo9ZXw=="
    }
  }
}
